
Microsoft Visual Studio Solution File, Format Version 12.00
# Visual Studio 16
Project("{FAE04EC0-301F-11D3-BF4B-00C04F79EFBC}") = "Assembly-CSharp", "Assembly-CSharp.csproj", "{503B2628-7A5E-A293-2372-D561CE6D970F}"
EndProject
Project("{FAE04EC0-301F-11D3-BF4B-00C04F79EFBC}") = "Assembly-CSharp-Editor", "Assembly-CSharp-Editor.csproj", "{38465FA9-D76A-F0FF-939C-776E7B5F88EE}"
EndProject
Global
	GlobalSection(SolutionConfigurationPlatforms) = preSolution
		Debug|Any CPU = Debug|Any CPU
		Release|Any CPU = Release|Any CPU
	EndGlobalSection
	GlobalSection(ProjectConfigurationPlatforms) = postSolution
		{503B2628-7A5E-A293-2372-D561CE6D970F}.Debug|Any CPU.ActiveCfg = Debug|Any CPU
		{503B2628-7A5E-A293-2372-D561CE6D970F}.Debug|Any CPU.Build.0 = Debug|Any CPU
		{503B2628-7A5E-A293-2372-D561CE6D970F}.Release|Any CPU.ActiveCfg = Release|Any CPU
		{503B2628-7A5E-A293-2372-D561CE6D970F}.Release|Any CPU.Build.0 = Release|Any CPU
		{38465FA9-D76A-F0FF-939C-776E7B5F88EE}.Debug|Any CPU.ActiveCfg = Debug|Any CPU
		{38465FA9-D76A-F0FF-939C-776E7B5F88EE}.Debug|Any CPU.Build.0 = Debug|Any CPU
		{38465FA9-D76A-F0FF-939C-776E7B5F88EE}.Release|Any CPU.ActiveCfg = Release|Any CPU
		{38465FA9-D76A-F0FF-939C-776E7B5F88EE}.Release|Any CPU.Build.0 = Release|Any CPU
	EndGlobalSection
	GlobalSection(SolutionProperties) = preSolution
		HideSolutionNode = FALSE
	EndGlobalSection
EndGlobal
